
Microsoft Visual Studio Solution File, Format Version 12.00
# Visual Studio Version 16
VisualStudioVersion = 16.0.32126.315
MinimumVisualStudioVersion = 10.0.40219.1
Project("{FAE04EC0-301F-11D3-BF4B-00C04F79EFBC}") = "20220323", "20220323\20220323.csproj", "{6E3C945F-F684-4832-B2BF-DCBD8C40DCE9}"
EndProject
Global
	GlobalSection(SolutionConfigurationPlatforms) = preSolution
		Debug|Any CPU = Debug|Any CPU
		Release|Any CPU = Release|Any CPU
	EndGlobalSection
	GlobalSection(ProjectConfigurationPlatforms) = postSolution
		{6E3C945F-F684-4832-B2BF-DCBD8C40DCE9}.Debug|Any CPU.ActiveCfg = Debug|Any CPU
		{6E3C945F-F684-4832-B2BF-DCBD8C40DCE9}.Debug|Any CPU.Build.0 = Debug|Any CPU
		{6E3C945F-F684-4832-B2BF-DCBD8C40DCE9}.Release|Any CPU.ActiveCfg = Release|Any CPU
		{6E3C945F-F684-4832-B2BF-DCBD8C40DCE9}.Release|Any CPU.Build.0 = Release|Any CPU
	EndGlobalSection
	GlobalSection(SolutionProperties) = preSolution
		HideSolutionNode = FALSE
	EndGlobalSection
	GlobalSection(ExtensibilityGlobals) = postSolution
		SolutionGuid = {FCE94E03-B407-4FEB-8C8C-2F5ABB4D0122}
	EndGlobalSection
EndGlobal
